
Microsoft Visual Studio Solution File, Format Version 12.00
# Visual Studio 15
VisualStudioVersion = 15.0.27703.2047
MinimumVisualStudioVersion = 10.0.40219.1
Project("{FAE04EC0-301F-11D3-BF4B-00C04F79EFBC}") = "threadanalitic", "threadanalitic\threadanalitic.csproj", "{02B125C8-B3AB-48A0-AC42-E2ED4D8D276E}"
EndProject
Global
	GlobalSection(SolutionConfigurationPlatforms) = preSolution
		Debug|Any CPU = Debug|Any CPU
		Release|Any CPU = Release|Any CPU
	EndGlobalSection
	GlobalSection(ProjectConfigurationPlatforms) = postSolution
		{02B125C8-B3AB-48A0-AC42-E2ED4D8D276E}.Debug|Any CPU.ActiveCfg = Debug|Any CPU
		{02B125C8-B3AB-48A0-AC42-E2ED4D8D276E}.Debug|Any CPU.Build.0 = Debug|Any CPU
		{02B125C8-B3AB-48A0-AC42-E2ED4D8D276E}.Release|Any CPU.ActiveCfg = Release|Any CPU
		{02B125C8-B3AB-48A0-AC42-E2ED4D8D276E}.Release|Any CPU.Build.0 = Release|Any CPU
	EndGlobalSection
	GlobalSection(SolutionProperties) = preSolution
		HideSolutionNode = FALSE
	EndGlobalSection
	GlobalSection(ExtensibilityGlobals) = postSolution
		SolutionGuid = {0C09981D-48D8-4E5E-A336-194499E7998E}
	EndGlobalSection
EndGlobal
